
Microsoft Visual Studio Solution File, Format Version 12.00
# Visual Studio Version 16
VisualStudioVersion = 16.0.30406.217
MinimumVisualStudioVersion = 10.0.40219.1
Project("{FAE04EC0-301F-11D3-BF4B-00C04F79EFBC}") = "pif", "pif\pif.csproj", "{43ACB63D-F405-460B-9EA3-E716B8221FBE}"
EndProject
Global
	GlobalSection(SolutionConfigurationPlatforms) = preSolution
		Debug|Any CPU = Debug|Any CPU
		Release|Any CPU = Release|Any CPU
	EndGlobalSection
	GlobalSection(ProjectConfigurationPlatforms) = postSolution
		{43ACB63D-F405-460B-9EA3-E716B8221FBE}.Debug|Any CPU.ActiveCfg = Debug|Any CPU
		{43ACB63D-F405-460B-9EA3-E716B8221FBE}.Debug|Any CPU.Build.0 = Debug|Any CPU
		{43ACB63D-F405-460B-9EA3-E716B8221FBE}.Release|Any CPU.ActiveCfg = Release|Any CPU
		{43ACB63D-F405-460B-9EA3-E716B8221FBE}.Release|Any CPU.Build.0 = Release|Any CPU
	EndGlobalSection
	GlobalSection(SolutionProperties) = preSolution
		HideSolutionNode = FALSE
	EndGlobalSection
	GlobalSection(ExtensibilityGlobals) = postSolution
		SolutionGuid = {C63C747F-AB95-467E-A0E3-79904273284F}
	EndGlobalSection
EndGlobal
